lockfileVersion: '9.0'

settings:
  autoInstallPeers: true
  excludeLinksFromLockfile: false

importers:

  .:
    dependencies:
      maka-agent:
        specifier: 0.2.0-dev.47.20260922
        version: 0.2.0-dev.47.20260922

packages:

  maka-agent@0.2.0-dev.47.20260922:
    resolution: {integrity: sha512-stMt7l7j4pE5qge6LEwOMVv79SU/6hL0h+zc8SJdzIx/jrmQba3GHZx7OB/Rmq546rbMK4uV12ulWfQD18dPew==}
    engines: {node: '>=22.19.0'}
    hasBin: true

snapshots:

  maka-agent@0.2.0-dev.47.20260922:
    bundledDependencies:
      - '@agentclientprotocol/sdk'
      - '@earendil-works/pi-tui'
      - '@maka/core'
      - '@maka/eval'
      - '@maka/mcp'
      - '@maka/runtime'
      - '@maka/runtime-host'
      - '@maka/storage'
      - undici
