# @generated - this file is auto-generated by `mise lock` https://mise.jdx.dev/dev-tools/mise-lock.html

lockfile_version = 2

[[tools."aqua:docker/buildx"]]
version = "0.37.1"
backend = "aqua:docker/buildx"
specifiers = ["0.37.1"]

[tools."aqua:docker/buildx"."platforms.linux-x64"]
checksum = "sha256:9447199cdb435f25880548343c128a4b6650e8891ee598905d8d29d39a8e359b"
url = "https://github.com/docker/buildx/releases/download/v0.37.1/buildx-v0.37.1.linux-amd64"
url_api = "https://api.github.com/repos/docker/buildx/releases/assets/557511570"
provenance = "cosign"

[tools."aqua:docker/buildx"."platforms.macos-arm64"]
checksum = "sha256:c3cbbc820d578b0aa8158dd62ef1af25a0c8a75ef53331dbe4e219471e1dbe8c"
url = "https://github.com/docker/buildx/releases/download/v0.37.1/buildx-v0.37.1.darwin-arm64"
url_api = "https://api.github.com/repos/docker/buildx/releases/assets/557519683"

[[tools.docker-cli]]
version = "29.8.1"
backend = "aqua:docker/cli"
specifiers = ["29.8.1"]

[tools.docker-cli."platforms.linux-x64"]
checksum = "sha256:d8db66739d2e28d4933786d73e918d9be643a67fbd835db1bf740d650a259e70"
url = "https://download.docker.com/linux/static/stable/x86_64/docker-29.8.1.tgz"

[tools.docker-cli."platforms.macos-arm64"]
checksum = "blake3:6593c6a72fc3d59ba25584cde3138b450ab3c6269ff722b548bcf9ab2f46b05a"
url = "https://download.docker.com/mac/static/stable/aarch64/docker-29.8.1.tgz"

[[tools.docker-compose]]
version = "5.5.1"
backend = "github:docker/compose"
specifiers = ["5.5.1"]

[tools.docker-compose."platforms.linux-x64"]
checksum = "sha256:db1889184726840f75c4f9c001048430d4f25b3be3cb084d3ddd762bc0aed576"
url = "https://github.com/docker/compose/releases/download/v5.5.1/docker-compose-linux-x86_64"

[tools.docker-compose."platforms.macos-arm64"]
checksum = "sha256:998735c9b6fe68a4f05895e6ea73d71ad06f9fc7046383ad89e47346781b6af5"
url = "https://github.com/docker/compose/releases/download/v5.5.1/docker-compose-darwin-aarch64"
url_api = "https://api.github.com/repos/docker/compose/releases/assets/542966325"

[[tools.node]]
version = "24.16.0"
backend = "core:node"
specifiers = ["24.16.0"]

[tools.node."platforms.linux-x64"]
checksum = "sha256:2faf6a387e9b62b888e21c54f01249fb27537ffecf1842f29f4c919d0a59a0ff"
url = "https://nodejs.org/dist/v24.16.0/node-v24.16.0-linux-x64.tar.gz"

[tools.node."platforms.macos-arm64"]
checksum = "sha256:39189dab4eeb15706c424af0ac08a3044c9e48f7db12a7d77f6b7aafc7dd5df6"
url = "https://nodejs.org/dist/v24.16.0/node-v24.16.0-darwin-arm64.tar.gz"

[[tools."npm:maka-agent"]]
version = "0.2.0-dev.44.20260920"
aube = { path = ".mise/locks/npm-maka-agent/0.2.0-dev.44.20260920", digest = "sha256:79dff181eb41d02a32d7de602d684156f3529b1ceab18f6cb165d59e4a88b101" }
backend = "npm:maka-agent"
specifiers = ["0.2.0-dev.44.20260920"]

[[tools.python]]
version = "3.12.14"
backend = "core:python"
specifiers = ["3.12.14"]

[tools.python."platforms.linux-x64"]
checksum = "sha256:72748da13197c1fb161e3afeef20a6a385ff24f2165e6e2758e47008e7faba4c"
url = "https://github.com/astral-sh/python-build-standalone/releases/download/20260901/cpython-3.12.14+20260901-x86_64-unknown-linux-gnu-install_only_stripped.tar.gz"
provenance = "github-attestations"

[tools.python."platforms.macos-arm64"]
checksum = "sha256:81a359f1cfadd4da11766534c5913791cea55f26e1bb902cacd2a531bb1e4b2b"
url = "https://github.com/astral-sh/python-build-standalone/releases/download/20260901/cpython-3.12.14+20260901-aarch64-apple-darwin-install_only_stripped.tar.gz"
provenance = "github-attestations"

[[tools.uv]]
version = "0.12.15"
backend = "aqua:astral-sh/uv"
specifiers = ["0.12.15"]

[tools.uv."platforms.linux-x64"]
checksum = "sha256:f97935763c04be3e692460a7aaeaaab8fc3b78fcf8b389da820b38ae7423a638"
url = "https://github.com/astral-sh/uv/releases/download/0.12.15/uv-x86_64-unknown-linux-gnu.tar.gz"
url_api = "https://api.github.com/repos/astral-sh/uv/releases/assets/565630898"
provenance = "github-attestations"

[tools.uv."platforms.macos-arm64"]
checksum = "sha256:dc304b9ed1b24174572290fba60ac3f6fe63c73a671f0439e62a91375841964d"
url = "https://github.com/astral-sh/uv/releases/download/0.12.15/uv-aarch64-apple-darwin.tar.gz"
url_api = "https://api.github.com/repos/astral-sh/uv/releases/assets/565630750"
provenance = "github-attestations"
