lockfileVersion: '9.0'

settings:
  autoInstallPeers: true
  excludeLinksFromLockfile: false

importers:

  .:
    dependencies:
      maka-agent:
        specifier: 0.2.0-dev.44.20260920
        version: 0.2.0-dev.44.20260920

packages:

  maka-agent@0.2.0-dev.44.20260920:
    resolution: {integrity: sha512-qAopTJ3cjacJzqayStz2hQ62AdOj6b4iP0lD8ddqlpb516qZY4lZNExZnezfNbP7GR8xXZY5pfPMkKJ1l2LQog==}
    engines: {node: '>=22.19.0'}
    hasBin: true

snapshots:

  maka-agent@0.2.0-dev.44.20260920:
    bundledDependencies:
      - '@agentclientprotocol/sdk'
      - '@earendil-works/pi-tui'
      - '@maka/core'
      - '@maka/eval'
      - '@maka/mcp'
      - '@maka/runtime'
      - '@maka/runtime-host'
      - '@maka/storage'
      - undici
